
Microsoft Visual Studio Solution File, Format Version 12.00
# Visual Studio 15
VisualStudioVersion = 15.0.28307.1145
MinimumVisualStudioVersion = 10.0.40219.1
Project("{FAE04EC0-301F-11D3-BF4B-00C04F79EFBC}") = "excelmultipletosingle", "excelmultipletosingle\excelmultipletosingle.csproj", "{DA2ACFA4-8B18-4D04-89FE-02F3C5E111E8}"
EndProject
Global
	GlobalSection(SolutionConfigurationPlatforms) = preSolution
		Debug|Any CPU = Debug|Any CPU
		Release|Any CPU = Release|Any CPU
	EndGlobalSection
	GlobalSection(ProjectConfigurationPlatforms) = postSolution
		{DA2ACFA4-8B18-4D04-89FE-02F3C5E111E8}.Debug|Any CPU.ActiveCfg = Debug|Any CPU
		{DA2ACFA4-8B18-4D04-89FE-02F3C5E111E8}.Debug|Any CPU.Build.0 = Debug|Any CPU
		{DA2ACFA4-8B18-4D04-89FE-02F3C5E111E8}.Release|Any CPU.ActiveCfg = Release|Any CPU
		{DA2ACFA4-8B18-4D04-89FE-02F3C5E111E8}.Release|Any CPU.Build.0 = Release|Any CPU
	EndGlobalSection
	GlobalSection(SolutionProperties) = preSolution
		HideSolutionNode = FALSE
	EndGlobalSection
	GlobalSection(ExtensibilityGlobals) = postSolution
		SolutionGuid = {47B89A4D-D49B-45DF-8CD7-3DA4F0B60E6E}
	EndGlobalSection
EndGlobal
